
Microsoft Visual Studio Solution File, Format Version 12.00
# Visual Studio Version 17
VisualStudioVersion = 17.3.32825.248
MinimumVisualStudioVersion = 10.0.40219.1
Project("{FAE04EC0-301F-11D3-BF4B-00C04F79EFBC}") = "gitco.NET", "gitco.NET.csproj", "{D724BB7E-7B09-492A-839A-DC3E9583261D}"
EndProject
Global
	GlobalSection(SolutionConfigurationPlatforms) = preSolution
		Debug|Any CPU = Debug|Any CPU
		Release|Any CPU = Release|Any CPU
	EndGlobalSection
	GlobalSection(ProjectConfigurationPlatforms) = postSolution
		{D724BB7E-7B09-492A-839A-DC3E9583261D}.Debug|Any CPU.ActiveCfg = Debug|Any CPU
		{D724BB7E-7B09-492A-839A-DC3E9583261D}.Debug|Any CPU.Build.0 = Debug|Any CPU
		{D724BB7E-7B09-492A-839A-DC3E9583261D}.Release|Any CPU.ActiveCfg = Release|Any CPU
		{D724BB7E-7B09-492A-839A-DC3E9583261D}.Release|Any CPU.Build.0 = Release|Any CPU
	EndGlobalSection
	GlobalSection(SolutionProperties) = preSolution
		HideSolutionNode = FALSE
	EndGlobalSection
	GlobalSection(ExtensibilityGlobals) = postSolution
		SolutionGuid = {0560AD0B-A1F7-4AB5-A7B7-0AD8EE686ABA}
	EndGlobalSection
EndGlobal
